
Microsoft Visual Studio Solution File, Format Version 12.00
# Visual Studio 15
VisualStudioVersion = 15.0.27004.2002
MinimumVisualStudioVersion = 10.0.40219.1
Project("{D954291E-2A0B-460D-934E-DC6B0785DB48}") = "App1", "App1\App1\App1.shproj", "{2AC61C8A-D43C-4BC9-9BBD-E9A6E3E294FB}"
EndProject
Project("{FAE04EC0-301F-11D3-BF4B-00C04F79EFBC}") = "App1.Android", "App1\App1.Android\App1.Android.csproj", "{2D56E510-D54C-4F3E-92BC-E2E8EA22559C}"
EndProject
Project("{FAE04EC0-301F-11D3-BF4B-00C04F79EFBC}") = "App1.iOS", "App1\App1.iOS\App1.iOS.csproj", "{ACDE380C-B549-4095-B67F-63B4852D728E}"
EndProject
Project("{FAE04EC0-301F-11D3-BF4B-00C04F79EFBC}") = "App1.UWP", "App1\App1.UWP\App1.UWP.csproj", "{77DF815D-08F4-4A52-885B-4B6908FFFE45}"
EndProject
Global
	GlobalSection(SharedMSBuildProjectFiles) = preSolution
		App1\App1\App1.projitems*{2ac61c8a-d43c-4bc9-9bbd-e9a6e3e294fb}*SharedItemsImports = 13
		App1\App1\App1.projitems*{2d56e510-d54c-4f3e-92bc-e2e8ea22559c}*SharedItemsImports = 4
		App1\App1\App1.projitems*{77df815d-08f4-4a52-885b-4b6908fffe45}*SharedItemsImports = 4
		App1\App1\App1.projitems*{acde380c-b549-4095-b67f-63b4852d728e}*SharedItemsImports = 4
	EndGlobalSection
	GlobalSection(SolutionConfigurationPlatforms) = preSolution
		Debug|Any CPU = Debug|Any CPU
		Debug|ARM = Debug|ARM
		Debug|iPhone = Debug|iPhone
		Debug|iPhoneSimulator = Debug|iPhoneSimulator
		Debug|x64 = Debug|x64
		Debug|x86 = Debug|x86
		Release|Any CPU = Release|Any CPU
		Release|ARM = Release|ARM
		Release|iPhone = Release|iPhone
		Release|iPhoneSimulator = Release|iPhoneSimulator
		Release|x64 = Release|x64
		Release|x86 = Release|x86
	EndGlobalSection
	GlobalSection(ProjectConfigurationPlatforms) = postSolution
		{2D56E510-D54C-4F3E-92BC-E2E8EA22559C}.Debug|Any CPU.ActiveCfg = Debug|Any CPU
		{2D56E510-D54C-4F3E-92BC-E2E8EA22559C}.Debug|Any CPU.Build.0 = Debug|Any CPU
		{2D56E510-D54C-4F3E-92BC-E2E8EA22559C}.Debug|Any CPU.Deploy.0 = Debug|Any CPU
		{2D56E510-D54C-4F3E-92BC-E2E8EA22559C}.Debug|ARM.ActiveCfg = Debug|Any CPU
		{2D56E510-D54C-4F3E-92BC-E2E8EA22559C}.Debug|ARM.Build.0 = Debug|Any CPU
		{2D56E510-D54C-4F3E-92BC-E2E8EA22559C}.Debug|ARM.Deploy.0 = Debug|Any CPU
		{2D56E510-D54C-4F3E-92BC-E2E8EA22559C}.Debug|iPhone.ActiveCfg = Debug|Any CPU
		{2D56E510-D54C-4F3E-92BC-E2E8EA22559C}.Debug|iPhone.Build.0 = Debug|Any CPU
		{2D56E510-D54C-4F3E-92BC-E2E8EA22559C}.Debug|iPhone.Deploy.0 = Debug|Any CPU
		{2D56E510-D54C-4F3E-92BC-E2E8EA22559C}.Debug|iPhoneSimulator.ActiveCfg = Debug|Any CPU
		{2D56E510-D54C-4F3E-92BC-E2E8EA22559C}.Debug|iPhoneSimulator.Build.0 = Debug|Any CPU
		{2D56E510-D54C-4F3E-92BC-E2E8EA22559C}.Debug|iPhoneSimulator.Deploy.0 = Debug|Any CPU
		{2D56E510-D54C-4F3E-92BC-E2E8EA22559C}.Debug|x64.ActiveCfg = Debug|Any CPU
		{2D56E510-D54C-4F3E-92BC-E2E8EA22559C}.Debug|x64.Build.0 = Debug|Any CPU
		{2D56E510-D54C-4F3E-92BC-E2E8EA22559C}.Debug|x64.Deploy.0 = Debug|Any CPU
		{2D56E510-D54C-4F3E-92BC-E2E8EA22559C}.Debug|x86.ActiveCfg = Debug|Any CPU
		{2D56E510-D54C-4F3E-92BC-E2E8EA22559C}.Debug|x86.Build.0 = Debug|Any CPU
		{2D56E510-D54C-4F3E-92BC-E2E8EA22559C}.Debug|x86.Deploy.0 = Debug|Any CPU
		{2D56E510-D54C-4F3E-92BC-E2E8EA22559C}.Release|Any CPU.ActiveCfg = Release|Any CPU
		{2D56E510-D54C-4F3E-92BC-E2E8EA22559C}.Release|Any CPU.Build.0 = Release|Any CPU
		{2D56E510-D54C-4F3E-92BC-E2E8EA22559C}.Release|Any CPU.Deploy.0 = Release|Any CPU
		{2D56E510-D54C-4F3E-92BC-E2E8EA22559C}.Release|ARM.ActiveCfg = Release|Any CPU
		{2D56E510-D54C-4F3E-92BC-E2E8EA22559C}.Release|ARM.Build.0 = Release|Any CPU
		{2D56E510-D54C-4F3E-92BC-E2E8EA22559C}.Release|ARM.Deploy.0 = Release|Any CPU
		{2D56E510-D54C-4F3E-92BC-E2E8EA22559C}.Release|iPhone.ActiveCfg = Release|Any CPU
		{2D56E510-D54C-4F3E-92BC-E2E8EA22559C}.Release|iPhone.Build.0 = Release|Any CPU
		{2D56E510-D54C-4F3E-92BC-E2E8EA22559C}.Release|iPhone.Deploy.0 = Release|Any CPU
		{2D56E510-D54C-4F3E-92BC-E2E8EA22559C}.Release|iPhoneSimulator.ActiveCfg = Release|Any CPU
		{2D56E510-D54C-4F3E-92BC-E2E8EA22559C}.Release|iPhoneSimulator.Build.0 = Release|Any CPU
		{2D56E510-D54C-4F3E-92BC-E2E8EA22559C}.Release|iPhoneSimulator.Deploy.0 = Release|Any CPU
		{2D56E510-D54C-4F3E-92BC-E2E8EA22559C}.Release|x64.ActiveCfg = Release|Any CPU
		{2D56E510-D54C-4F3E-92BC-E2E8EA22559C}.Release|x64.Build.0 = Release|Any CPU
		{2D56E510-D54C-4F3E-92BC-E2E8EA22559C}.Release|x64.Deploy.0 = Release|Any CPU
		{2D56E510-D54C-4F3E-92BC-E2E8EA22559C}.Release|x86.ActiveCfg = Release|Any CPU
		{2D56E510-D54C-4F3E-92BC-E2E8EA22559C}.Release|x86.Build.0 = Release|Any CPU
		{2D56E510-D54C-4F3E-92BC-E2E8EA22559C}.Release|x86.Deploy.0 = Release|Any CPU
		{ACDE380C-B549-4095-B67F-63B4852D728E}.Debug|Any CPU.ActiveCfg = Debug|iPhoneSimulator
		{ACDE380C-B549-4095-B67F-63B4852D728E}.Debug|ARM.ActiveCfg = Debug|iPhone
		{ACDE380C-B549-4095-B67F-63B4852D728E}.Debug|iPhone.ActiveCfg = Debug|iPhone
		{ACDE380C-B549-4095-B67F-63B4852D728E}.Debug|iPhone.Build.0 = Debug|iPhone
		{ACDE380C-B549-4095-B67F-63B4852D728E}.Debug|iPhoneSimulator.ActiveCfg = Debug|iPhoneSimulator
		{ACDE380C-B549-4095-B67F-63B4852D728E}.Debug|iPhoneSimulator.Build.0 = Debug|iPhoneSimulator
		{ACDE380C-B549-4095-B67F-63B4852D728E}.Debug|x64.ActiveCfg = Debug|iPhone
		{ACDE380C-B549-4095-B67F-63B4852D728E}.Debug|x86.ActiveCfg = Debug|iPhone
		{ACDE380C-B549-4095-B67F-63B4852D728E}.Release|Any CPU.ActiveCfg = Release|iPhoneSimulator
		{ACDE380C-B549-4095-B67F-63B4852D728E}.Release|ARM.ActiveCfg = Release|iPhone
		{ACDE380C-B549-4095-B67F-63B4852D728E}.Release|iPhone.ActiveCfg = Release|iPhone
		{ACDE380C-B549-4095-B67F-63B4852D728E}.Release|iPhone.Build.0 = Release|iPhone
		{ACDE380C-B549-4095-B67F-63B4852D728E}.Release|iPhoneSimulator.ActiveCfg = Release|iPhoneSimulator
		{ACDE380C-B549-4095-B67F-63B4852D728E}.Release|iPhoneSimulator.Build.0 = Release|iPhoneSimulator
		{ACDE380C-B549-4095-B67F-63B4852D728E}.Release|x64.ActiveCfg = Release|iPhone
		{ACDE380C-B549-4095-B67F-63B4852D728E}.Release|x86.ActiveCfg = Release|iPhone
		{77DF815D-08F4-4A52-885B-4B6908FFFE45}.Debug|Any CPU.ActiveCfg = Debug|x86
		{77DF815D-08F4-4A52-885B-4B6908FFFE45}.Debug|ARM.ActiveCfg = Debug|ARM
		{77DF815D-08F4-4A52-885B-4B6908FFFE45}.Debug|ARM.Build.0 = Debug|ARM
		{77DF815D-08F4-4A52-885B-4B6908FFFE45}.Debug|ARM.Deploy.0 = Debug|ARM
		{77DF815D-08F4-4A52-885B-4B6908FFFE45}.Debug|iPhone.ActiveCfg = Debug|x86
		{77DF815D-08F4-4A52-885B-4B6908FFFE45}.Debug|iPhoneSimulator.ActiveCfg = Debug|x86
		{77DF815D-08F4-4A52-885B-4B6908FFFE45}.Debug|x64.ActiveCfg = Debug|x64
		{77DF815D-08F4-4A52-885B-4B6908FFFE45}.Debug|x64.Build.0 = Debug|x64
		{77DF815D-08F4-4A52-885B-4B6908FFFE45}.Debug|x64.Deploy.0 = Debug|x64
		{77DF815D-08F4-4A52-885B-4B6908FFFE45}.Debug|x86.ActiveCfg = Debug|x86
		{77DF815D-08F4-4A52-885B-4B6908FFFE45}.Debug|x86.Build.0 = Debug|x86
		{77DF815D-08F4-4A52-885B-4B6908FFFE45}.Debug|x86.Deploy.0 = Debug|x86
		{77DF815D-08F4-4A52-885B-4B6908FFFE45}.Release|Any CPU.ActiveCfg = Release|x86
		{77DF815D-08F4-4A52-885B-4B6908FFFE45}.Release|ARM.ActiveCfg = Release|ARM
		{77DF815D-08F4-4A52-885B-4B6908FFFE45}.Release|ARM.Build.0 = Release|ARM
		{77DF815D-08F4-4A52-885B-4B6908FFFE45}.Release|ARM.Deploy.0 = Release|ARM
		{77DF815D-08F4-4A52-885B-4B6908FFFE45}.Release|iPhone.ActiveCfg = Release|x86
		{77DF815D-08F4-4A52-885B-4B6908FFFE45}.Release|iPhoneSimulator.ActiveCfg = Release|x86
		{77DF815D-08F4-4A52-885B-4B6908FFFE45}.Release|x64.ActiveCfg = Release|x64
		{77DF815D-08F4-4A52-885B-4B6908FFFE45}.Release|x64.Build.0 = Release|x64
		{77DF815D-08F4-4A52-885B-4B6908FFFE45}.Release|x64.Deploy.0 = Release|x64
		{77DF815D-08F4-4A52-885B-4B6908FFFE45}.Release|x86.ActiveCfg = Release|x86
		{77DF815D-08F4-4A52-885B-4B6908FFFE45}.Release|x86.Build.0 = Release|x86
		{77DF815D-08F4-4A52-885B-4B6908FFFE45}.Release|x86.Deploy.0 = Release|x86
	EndGlobalSection
	GlobalSection(SolutionProperties) = preSolution
		HideSolutionNode = FALSE
	EndGlobalSection
	GlobalSection(ExtensibilityGlobals) = postSolution
		SolutionGuid = {55B5BF3E-4092-4B12-BE05-CBF1B5C7526A}
	EndGlobalSection
EndGlobal
